
Microsoft Visual Studio Solution File, Format Version 12.00
# Visual Studio Version 17
VisualStudioVersion = 17.8.34525.116
MinimumVisualStudioVersion = 10.0.40219.1
Project("{FAE04EC0-301F-11D3-BF4B-00C04F79EFBC}") = "LMS", "LMS\LMS.csproj", "{4428B04E-E8E5-401E-BC7F-E0865E305203}"
EndProject
Global
	GlobalSection(SolutionConfigurationPlatforms) = preSolution
		Debug|Any CPU = Debug|Any CPU
		Release|Any CPU = Release|Any CPU
	EndGlobalSection
	GlobalSection(ProjectConfigurationPlatforms) = postSolution
		{4428B04E-E8E5-401E-BC7F-E0865E305203}.Debug|Any CPU.ActiveCfg = Debug|Any CPU
		{4428B04E-E8E5-401E-BC7F-E0865E305203}.Debug|Any CPU.Build.0 = Debug|Any CPU
		{4428B04E-E8E5-401E-BC7F-E0865E305203}.Release|Any CPU.ActiveCfg = Release|Any CPU
		{4428B04E-E8E5-401E-BC7F-E0865E305203}.Release|Any CPU.Build.0 = Release|Any CPU
	EndGlobalSection
	GlobalSection(SolutionProperties) = preSolution
		HideSolutionNode = FALSE
	EndGlobalSection
	GlobalSection(ExtensibilityGlobals) = postSolution
		SolutionGuid = {C2818ECF-97E0-4A2F-956E-FABF5CE15C8F}
	EndGlobalSection
EndGlobal
